
Microsoft Visual Studio Solution File, Format Version 12.00
# Visual Studio Version 17
VisualStudioVersion = 17.2.32616.157
MinimumVisualStudioVersion = 10.0.40219.1
Project("{FAE04EC0-301F-11D3-BF4B-00C04F79EFBC}") = "IstanbulUniKendo.DAL", "IstanbulUniKendo.DAL\IstanbulUniKendo.DAL.csproj", "{EB0E8C91-B153-40AF-9F5A-DBACDA83B538}"
EndProject
Project("{FAE04EC0-301F-11D3-BF4B-00C04F79EFBC}") = "IstanbulUniKendo.BAL", "IstanbulUniKendo.BAL\IstanbulUniKendo.BAL.csproj", "{63B741F2-B63F-4359-8775-87BC2CAE68A9}"
EndProject
Project("{FAE04EC0-301F-11D3-BF4B-00C04F79EFBC}") = "IstanbulUniKendo.WebUI", "IstanbulUni.WebUI\IstanbulUniKendo.WebUI.csproj", "{EF5863CC-254B-4F4A-A1A1-19A152BED878}"
	ProjectSection(ProjectDependencies) = postProject
		{63B741F2-B63F-4359-8775-87BC2CAE68A9} = {63B741F2-B63F-4359-8775-87BC2CAE68A9}
		{EB0E8C91-B153-40AF-9F5A-DBACDA83B538} = {EB0E8C91-B153-40AF-9F5A-DBACDA83B538}
	EndProjectSection
EndProject
Global
	GlobalSection(SolutionConfigurationPlatforms) = preSolution
		Debug|Any CPU = Debug|Any CPU
		Release|Any CPU = Release|Any CPU
	EndGlobalSection
	GlobalSection(ProjectConfigurationPlatforms) = postSolution
		{EB0E8C91-B153-40AF-9F5A-DBACDA83B538}.Debug|Any CPU.ActiveCfg = Debug|Any CPU
		{EB0E8C91-B153-40AF-9F5A-DBACDA83B538}.Debug|Any CPU.Build.0 = Debug|Any CPU
		{EB0E8C91-B153-40AF-9F5A-DBACDA83B538}.Release|Any CPU.ActiveCfg = Release|Any CPU
		{EB0E8C91-B153-40AF-9F5A-DBACDA83B538}.Release|Any CPU.Build.0 = Release|Any CPU
		{63B741F2-B63F-4359-8775-87BC2CAE68A9}.Debug|Any CPU.ActiveCfg = Debug|Any CPU
		{63B741F2-B63F-4359-8775-87BC2CAE68A9}.Debug|Any CPU.Build.0 = Debug|Any CPU
		{63B741F2-B63F-4359-8775-87BC2CAE68A9}.Release|Any CPU.ActiveCfg = Release|Any CPU
		{63B741F2-B63F-4359-8775-87BC2CAE68A9}.Release|Any CPU.Build.0 = Release|Any CPU
		{EF5863CC-254B-4F4A-A1A1-19A152BED878}.Debug|Any CPU.ActiveCfg = Debug|Any CPU
		{EF5863CC-254B-4F4A-A1A1-19A152BED878}.Debug|Any CPU.Build.0 = Debug|Any CPU
		{EF5863CC-254B-4F4A-A1A1-19A152BED878}.Release|Any CPU.ActiveCfg = Release|Any CPU
		{EF5863CC-254B-4F4A-A1A1-19A152BED878}.Release|Any CPU.Build.0 = Release|Any CPU
	EndGlobalSection
	GlobalSection(SolutionProperties) = preSolution
		HideSolutionNode = FALSE
	EndGlobalSection
	GlobalSection(ExtensibilityGlobals) = postSolution
		SolutionGuid = {792B4968-C501-4679-BD48-373ACA86C8EE}
	EndGlobalSection
EndGlobal
